
Microsoft Visual Studio Solution File, Format Version 12.00
# Visual Studio Version 16
VisualStudioVersion = 16.0.30804.86
MinimumVisualStudioVersion = 10.0.40219.1
Project("{2150E333-8FDC-42A3-9474-1A3956D46DE8}") = "Shared Items", "Shared Items", "{9510EDF4-280D-4924-B493-E2983D64F57B}"
	ProjectSection(SolutionItems) = preProject
		AssemblyInfoCommon.cs = AssemblyInfoCommon.cs
		AssemblyInfoCommonSecurity.cs = AssemblyInfoCommonSecurity.cs
	EndProjectSection
EndProject
Project("{FAE04EC0-301F-11D3-BF4B-00C04F79EFBC}") = "Kent.Boogaart.Converters", "Kent.Boogaart.Converters\Kent.Boogaart.Converters.csproj", "{AA776761-9BB4-48BE-A68D-432E5B61A83C}"
EndProject
Project("{2150E333-8FDC-42A3-9474-1A3956D46DE8}") = ".nuget", ".nuget", "{50EE3C34-6789-41F2-91B3-728C1C6ABC93}"
	ProjectSection(SolutionItems) = preProject
		WpfConverters.nuspec.template = WpfConverters.nuspec.template
	EndProjectSection
EndProject
Project("{2150E333-8FDC-42A3-9474-1A3956D46DE8}") = ".build", ".build", "{22063774-CC56-4E8A-B720-7280D0CB2EA9}"
	ProjectSection(SolutionItems) = preProject
		Build.proj = Build.proj
		.build\MSBuild.Community.Tasks.dll = .build\MSBuild.Community.Tasks.dll
		.build\MSBuild.Community.Tasks.targets = .build\MSBuild.Community.Tasks.targets
	EndProjectSection
EndProject
Global
	GlobalSection(SolutionConfigurationPlatforms) = preSolution
		Debug|Any CPU = Debug|Any CPU
		Release|Any CPU = Release|Any CPU
	EndGlobalSection
	GlobalSection(ProjectConfigurationPlatforms) = postSolution
		{AA776761-9BB4-48BE-A68D-432E5B61A83C}.Debug|Any CPU.ActiveCfg = Debug|Any CPU
		{AA776761-9BB4-48BE-A68D-432E5B61A83C}.Debug|Any CPU.Build.0 = Debug|Any CPU
		{AA776761-9BB4-48BE-A68D-432E5B61A83C}.Release|Any CPU.ActiveCfg = Release|Any CPU
		{AA776761-9BB4-48BE-A68D-432E5B61A83C}.Release|Any CPU.Build.0 = Release|Any CPU
	EndGlobalSection
	GlobalSection(SolutionProperties) = preSolution
		HideSolutionNode = FALSE
	EndGlobalSection
	GlobalSection(ExtensibilityGlobals) = postSolution
		SolutionGuid = {F490850C-862F-48E4-B864-37FCE20A1CE0}
	EndGlobalSection
EndGlobal
